// !$*UTF8*$!
{
	archiveVersion = 1;
	classes = {
	};
	objectVersion = 50;
	objects = {

/* Begin PBXBuildFile section */
		9B5EB06626736BB4001153E4 /* AppDelegate.swift in Sources */ = {isa = PBXBuildFile; fileRef = 9B5EB06526736BB4001153E4 /* AppDelegate.swift */; };
		9B5EB06826736BB4001153E4 /* SceneDelegate.swift in Sources */ = {isa = PBXBuildFile; fileRef = 9B5EB06726736BB4001153E4 /* SceneDelegate.swift */; };
		9B5EB06A26736BB4001153E4 /* ViewController.swift in Sources */ = {isa = PBXBuildFile; fileRef = 9B5EB06926736BB4001153E4 /* ViewController.swift */; };
		9B5EB06D26736BB4001153E4 /* Main.storyboard in Resources */ = {isa = PBXBuildFile; fileRef = 9B5EB06B26736BB4001153E4 /* Main.storyboard */; };
		9B5EB06F26736BB6001153E4 /* Assets.xcassets in Resources */ = {isa = PBXBuildFile; fileRef = 9B5EB06E26736BB6001153E4 /* Assets.xcassets */; };
		9B5EB07226736BB6001153E4 /* LaunchScreen.storyboard in Resources */ = {isa = PBXBuildFile; fileRef = 9B5EB07026736BB6001153E4 /* LaunchScreen.storyboard */; };
		9B5EB07B26736BF1001153E4 /* XibView.swift in Sources */ = {isa = PBXBuildFile; fileRef = 9B5EB07A26736BF1001153E4 /* XibView.swift */; };
		9B5EB07D26736C00001153E4 /* XibView.xib in Resources */ = {isa = PBXBuildFile; fileRef = 9B5EB07C26736C00001153E4 /* XibView.xib */; };
		9B5EB08026737428001153E4 /* XibViewPlaceholder.swift in Sources */ = {isa = PBXBuildFile; fileRef = 9B5EB07F26737428001153E4 /* XibViewPlaceholder.swift */; };
		9B5EB08226737435001153E4 /* XibViewPlaceholder.xib in Resources */ = {isa = PBXBuildFile; fileRef = 9B5EB08126737435001153E4 /* XibViewPlaceholder.xib */; };
/* End PBXBuildFile section */

/* Begin PBXFileReference section */
		9B5EB06226736BB4001153E4 /* TestUsingXib.app */ = {isa = PBXFileReference; explicitFileType = wrapper.application; includeInIndex = 0; path = TestUsingXib.app; sourceTree = BUILT_PRODUCTS_DIR; };
		9B5EB06526736BB4001153E4 /* AppDelegate.swift */ = {isa = PBXFileReference; lastKnownFileType = sourcecode.swift; path = AppDelegate.swift; sourceTree = "<group>"; };
		9B5EB06726736BB4001153E4 /* SceneDelegate.swift */ = {isa = PBXFileReference; lastKnownFileType = sourcecode.swift; path = SceneDelegate.swift; sourceTree = "<group>"; };
		9B5EB06926736BB4001153E4 /* ViewController.swift */ = {isa = PBXFileReference; lastKnownFileType = sourcecode.swift; path = ViewController.swift; sourceTree = "<group>"; };
		9B5EB06C26736BB4001153E4 /* Base */ = {isa = PBXFileReference; lastKnownFileType = file.storyboard; name = Base; path = Base.lproj/Main.storyboard; sourceTree = "<group>"; };
		9B5EB06E26736BB6001153E4 /* Assets.xcassets */ = {isa = PBXFileReference; lastKnownFileType = folder.assetcatalog; path = Assets.xcassets; sourceTree = "<group>"; };
		9B5EB07126736BB6001153E4 /* Base */ = {isa = PBXFileReference; lastKnownFileType = file.storyboard; name = Base; path = Base.lproj/LaunchScreen.storyboard; sourceTree = "<group>"; };
		9B5EB07326736BB6001153E4 /* Info.plist */ = {isa = PBXFileReference; lastKnownFileType = text.plist.xml; path = Info.plist; sourceTree = "<group>"; };
		9B5EB07A26736BF1001153E4 /* XibView.swift */ = {isa = PBXFileReference; lastKnownFileType = sourcecode.swift; path = XibView.swift; sourceTree = "<group>"; };
		9B5EB07C26736C00001153E4 /* XibView.xib */ = {isa = PBXFileReference; lastKnownFileType = file.xib; path = XibView.xib; sourceTree = "<group>"; };
		9B5EB07F26737428001153E4 /* XibViewPlaceholder.swift */ = {isa = PBXFileReference; lastKnownFileType = sourcecode.swift; path = XibViewPlaceholder.swift; sourceTree = "<group>"; };
		9B5EB08126737435001153E4 /* XibViewPlaceholder.xib */ = {isa = PBXFileReference; lastKnownFileType = file.xib; path = XibViewPlaceholder.xib; sourceTree = "<group>"; };
/* End PBXFileReference section */

/* Begin PBXFrameworksBuildPhase section */
		9B5EB05F26736BB4001153E4 /* Frameworks */ = {
			isa = PBXFrameworksBuildPhase;
			buildActionMask = 2147483647;
			files = (
			);
			runOnlyForDeploymentPostprocessing = 0;
		};
/* End PBXFrameworksBuildPhase section */

/* Begin PBXGroup section */
		9B5EB05926736BB4001153E4 = {
			isa = PBXGroup;
			children = (
				9B5EB06426736BB4001153E4 /* TestUsingXib */,
				9B5EB06326736BB4001153E4 /* Products */,
			);
			sourceTree = "<group>";
		};
		9B5EB06326736BB4001153E4 /* Products */ = {
			isa = PBXGroup;
			children = (
				9B5EB06226736BB4001153E4 /* TestUsingXib.app */,
			);
			name = Products;
			sourceTree = "<group>";
		};
		9B5EB06426736BB4001153E4 /* TestUsingXib */ = {
			isa = PBXGroup;
			children = (
				9B5EB07E26737413001153E4 /* XibViewPlaceholder */,
				9B5EB07926736BBB001153E4 /* XibView */,
				9B5EB06526736BB4001153E4 /* AppDelegate.swift */,
				9B5EB06726736BB4001153E4 /* SceneDelegate.swift */,
				9B5EB06926736BB4001153E4 /* ViewController.swift */,
				9B5EB06B26736BB4001153E4 /* Main.storyboard */,
				9B5EB06E26736BB6001153E4 /* Assets.xcassets */,
				9B5EB07026736BB6001153E4 /* LaunchScreen.storyboard */,
				9B5EB07326736BB6001153E4 /* Info.plist */,
			);
			path = TestUsingXib;
			sourceTree = "<group>";
		};
		9B5EB07926736BBB001153E4 /* XibView */ = {
			isa = PBXGroup;
			children = (
				9B5EB07A26736BF1001153E4 /* XibView.swift */,
				9B5EB07C26736C00001153E4 /* XibView.xib */,
			);
			path = XibView;
			sourceTree = "<group>";
		};
		9B5EB07E26737413001153E4 /* XibViewPlaceholder */ = {
			isa = PBXGroup;
			children = (
				9B5EB07F26737428001153E4 /* XibViewPlaceholder.swift */,
				9B5EB08126737435001153E4 /* XibViewPlaceholder.xib */,
			);
			path = XibViewPlaceholder;
			sourceTree = "<group>";
		};
/* End PBXGroup section */

/* Begin PBXNativeTarget section */
		9B5EB06126736BB4001153E4 /* TestUsingXib */ = {
			isa = PBXNativeTarget;
			buildConfigurationList = 9B5EB07626736BB6001153E4 /* Build configuration list for PBXNativeTarget "TestUsingXib" */;
			buildPhases = (
				9B5EB05E26736BB4001153E4 /* Sources */,
				9B5EB05F26736BB4001153E4 /* Frameworks */,
				9B5EB06026736BB4001153E4 /* Resources */,
			);
			buildRules = (
			);
			dependencies = (
			);
			name = TestUsingXib;
			productName = TestUsingXib;
			productReference = 9B5EB06226736BB4001153E4 /* TestUsingXib.app */;
			productType = "com.apple.product-type.application";
		};
/* End PBXNativeTarget section */

/* Begin PBXProject section */
		9B5EB05A26736BB4001153E4 /* Project object */ = {
			isa = PBXProject;
			attributes = {
				LastSwiftUpdateCheck = 1250;
				LastUpgradeCheck = 1250;
				TargetAttributes = {
					9B5EB06126736BB4001153E4 = {
						CreatedOnToolsVersion = 12.5;
					};
				};
			};
			buildConfigurationList = 9B5EB05D26736BB4001153E4 /* Build configuration list for PBXProject "TestUsingXib" */;
			compatibilityVersion = "Xcode 9.3";
			developmentRegion = en;
			hasScannedForEncodings = 0;
			knownRegions = (
				en,
				Base,
			);
			mainGroup = 9B5EB05926736BB4001153E4;
			productRefGroup = 9B5EB06326736BB4001153E4 /* Products */;
			projectDirPath = "";
			projectRoot = "";
			targets = (
				9B5EB06126736BB4001153E4 /* TestUsingXib */,
			);
		};
/* End PBXProject section */

/* Begin PBXResourcesBuildPhase section */
		9B5EB06026736BB4001153E4 /* Resources */ = {
			isa = PBXResourcesBuildPhase;
			buildActionMask = 2147483647;
			files = (
				9B5EB07226736BB6001153E4 /* LaunchScreen.storyboard in Resources */,
				9B5EB06F26736BB6001153E4 /* Assets.xcassets in Resources */,
				9B5EB07D26736C00001153E4 /* XibView.xib in Resources */,
				9B5EB06D26736BB4001153E4 /* Main.storyboard in Resources */,
				9B5EB08226737435001153E4 /* XibViewPlaceholder.xib in Resources */,
			);
			runOnlyForDeploymentPostprocessing = 0;
		};
/* End PBXResourcesBuildPhase section */

/* Begin PBXSourcesBuildPhase section */
		9B5EB05E26736BB4001153E4 /* Sources */ = {
			isa = PBXSourcesBuildPhase;
			buildActionMask = 2147483647;
			files = (
				9B5EB06A26736BB4001153E4 /* ViewController.swift in Sources */,
				9B5EB08026737428001153E4 /* XibViewPlaceholder.swift in Sources */,
				9B5EB06626736BB4001153E4 /* AppDelegate.swift in Sources */,
				9B5EB07B26736BF1001153E4 /* XibView.swift in Sources */,
				9B5EB06826736BB4001153E4 /* SceneDelegate.swift in Sources */,
			);
			runOnlyForDeploymentPostprocessing = 0;
		};
/* End PBXSourcesBuildPhase section */

/* Begin PBXVariantGroup section */
		9B5EB06B26736BB4001153E4 /* Main.storyboard */ = {
			isa = PBXVariantGroup;
			children = (
				9B5EB06C26736BB4001153E4 /* Base */,
			);
			name = Main.storyboard;
			sourceTree = "<group>";
		};
		9B5EB07026736BB6001153E4 /* LaunchScreen.storyboard */ = {
			isa = PBXVariantGroup;
			children = (
				9B5EB07126736BB6001153E4 /* Base */,
			);
			name = LaunchScreen.storyboard;
			sourceTree = "<group>";
		};
/* End PBXVariantGroup section */

/* Begin XCBuildConfiguration section */
		9B5EB07426736BB6001153E4 /* Debug */ = {
			isa = XCBuildConfiguration;
			buildSettings = {
				ALWAYS_SEARCH_USER_PATHS = NO;
				CLANG_ANALYZER_NONNULL = YES;
				CLANG_ANALYZER_NUMBER_OBJECT_CONVERSION = YES_AGGRESSIVE;
				CLANG_CXX_LANGUAGE_STANDARD = "gnu++14";
				CLANG_CXX_LIBRARY = "libc++";
				CLANG_ENABLE_MODULES = YES;
				CLANG_ENABLE_OBJC_ARC = YES;
				CLANG_ENABLE_OBJC_WEAK = YES;
				CLANG_WARN_BLOCK_CAPTURE_AUTORELEASING = YES;
				CLANG_WARN_BOOL_CONVERSION = YES;
				CLANG_WARN_COMMA = YES;
				CLANG_WARN_CONSTANT_CONVERSION = YES;
				CLANG_WARN_DEPRECATED_OBJC_IMPLEMENTATIONS = YES;
				CLANG_WARN_DIRECT_OBJC_ISA_USAGE = YES_ERROR;
				CLANG_WARN_DOCUMENTATION_COMMENTS = YES;
				CLANG_WARN_EMPTY_BODY = YES;
				CLANG_WARN_ENUM_CONVERSION = YES;
				CLANG_WARN_INFINITE_RECURSION = YES;
				CLANG_WARN_INT_CONVERSION = YES;
				CLANG_WARN_NON_LITERAL_NULL_CONVERSION = YES;
				CLANG_WARN_OBJC_IMPLICIT_RETAIN_SELF = YES;
				CLANG_WARN_OBJC_LITERAL_CONVERSION = YES;
				CLANG_WARN_OBJC_ROOT_CLASS = YES_ERROR;
				CLANG_WARN_QUOTED_INCLUDE_IN_FRAMEWORK_HEADER = YES;
				CLANG_WARN_RANGE_LOOP_ANALYSIS = YES;
				CLANG_WARN_STRICT_PROTOTYPES = YES;
				CLANG_WARN_SUSPICIOUS_MOVE = YES;
				CLANG_WARN_UNGUARDED_AVAILABILITY = YES_AGGRESSIVE;
				CLANG_WARN_UNREACHABLE_CODE = YES;
				CLANG_WARN__DUPLICATE_METHOD_MATCH = YES;
				COPY_PHASE_STRIP = NO;
				DEBUG_INFORMATION_FORMAT = dwarf;
				ENABLE_STRICT_OBJC_MSGSEND = YES;
				ENABLE_TESTABILITY = YES;
				GCC_C_LANGUAGE_STANDARD = gnu11;
				GCC_DYNAMIC_NO_PIC = NO;
				GCC_NO_COMMON_BLOCKS = YES;
				GCC_OPTIMIZATION_LEVEL = 0;
				GCC_PREPROCESSOR_DEFINITIONS = (
					"DEBUG=1",
					"$(inherited)",
				);
				GCC_WARN_64_TO_32_BIT_CONVERSION = YES;
				GCC_WARN_ABOUT_RETURN_TYPE = YES_ERROR;
				GCC_WARN_UNDECLARED_SELECTOR = YES;
				GCC_WARN_UNINITIALIZED_AUTOS = YES_AGGRESSIVE;
				GCC_WARN_UNUSED_FUNCTION = YES;
				GCC_WARN_UNUSED_VARIABLE = YES;
				IPHONEOS_DEPLOYMENT_TARGET = 14.5;
				MTL_ENABLE_DEBUG_INFO = INCLUDE_SOURCE;
				MTL_FAST_MATH = YES;
				ONLY_ACTIVE_ARCH = YES;
				SDKROOT = iphoneos;
				SWIFT_ACTIVE_COMPILATION_CONDITIONS = DEBUG;
				SWIFT_OPTIMIZATION_LEVEL = "-Onone";
			};
			name = Debug;
		};
		9B5EB07526736BB6001153E4 /* Release */ = {
			isa = XCBuildConfiguration;
			buildSettings = {
				ALWAYS_SEARCH_USER_PATHS = NO;
				CLANG_ANALYZER_NONNULL = YES;
				CLANG_ANALYZER_NUMBER_OBJECT_CONVERSION = YES_AGGRESSIVE;
				CLANG_CXX_LANGUAGE_STANDARD = "gnu++14";
				CLANG_CXX_LIBRARY = "libc++";
				CLANG_ENABLE_MODULES = YES;
				CLANG_ENABLE_OBJC_ARC = YES;
				CLANG_ENABLE_OBJC_WEAK = YES;
				CLANG_WARN_BLOCK_CAPTURE_AUTORELEASING = YES;
				CLANG_WARN_BOOL_CONVERSION = YES;
				CLANG_WARN_COMMA = YES;
				CLANG_WARN_CONSTANT_CONVERSION = YES;
				CLANG_WARN_DEPRECATED_OBJC_IMPLEMENTATIONS = YES;
				CLANG_WARN_DIRECT_OBJC_ISA_USAGE = YES_ERROR;
				CLANG_WARN_DOCUMENTATION_COMMENTS = YES;
				CLANG_WARN_EMPTY_BODY = YES;
				CLANG_WARN_ENUM_CONVERSION = YES;
				CLANG_WARN_INFINITE_RECURSION = YES;
				CLANG_WARN_INT_CONVERSION = YES;
				CLANG_WARN_NON_LITERAL_NULL_CONVERSION = YES;
				CLANG_WARN_OBJC_IMPLICIT_RETAIN_SELF = YES;
				CLANG_WARN_OBJC_LITERAL_CONVERSION = YES;
				CLANG_WARN_OBJC_ROOT_CLASS = YES_ERROR;
				CLANG_WARN_QUOTED_INCLUDE_IN_FRAMEWORK_HEADER = YES;
				CLANG_WARN_RANGE_LOOP_ANALYSIS = YES;
				CLANG_WARN_STRICT_PROTOTYPES = YES;
				CLANG_WARN_SUSPICIOUS_MOVE = YES;
				CLANG_WARN_UNGUARDED_AVAILABILITY = YES_AGGRESSIVE;
				CLANG_WARN_UNREACHABLE_CODE = YES;
				CLANG_WARN__DUPLICATE_METHOD_MATCH = YES;
				COPY_PHASE_STRIP = NO;
				DEBUG_INFORMATION_FORMAT = "dwarf-with-dsym";
				ENABLE_NS_ASSERTIONS = NO;
				ENABLE_STRICT_OBJC_MSGSEND = YES;
				GCC_C_LANGUAGE_STANDARD = gnu11;
				GCC_NO_COMMON_BLOCKS = YES;
				GCC_WARN_64_TO_32_BIT_CONVERSION = YES;
				GCC_WARN_ABOUT_RETURN_TYPE = YES_ERROR;
				GCC_WARN_UNDECLARED_SELECTOR = YES;
				GCC_WARN_UNINITIALIZED_AUTOS = YES_AGGRESSIVE;
				GCC_WARN_UNUSED_FUNCTION = YES;
				GCC_WARN_UNUSED_VARIABLE = YES;
				IPHONEOS_DEPLOYMENT_TARGET = 14.5;
				MTL_ENABLE_DEBUG_INFO = NO;
				MTL_FAST_MATH = YES;
				SDKROOT = iphoneos;
				SWIFT_COMPILATION_MODE = wholemodule;
				SWIFT_OPTIMIZATION_LEVEL = "-O";
				VALIDATE_PRODUCT = YES;
			};
			name = Release;
		};
		9B5EB07726736BB6001153E4 /* Debug */ = {
			isa = XCBuildConfiguration;
			buildSettings = {
				ASSETCATALOG_COMPILER_APPICON_NAME = AppIcon;
				ASSETCATALOG_COMPILER_GLOBAL_ACCENT_COLOR_NAME = AccentColor;
				CODE_SIGN_STYLE = Automatic;
				INFOPLIST_FILE = TestUsingXib/Info.plist;
				LD_RUNPATH_SEARCH_PATHS = (
					"$(inherited)",
					"@executable_path/Frameworks",
				);
				PRODUCT_BUNDLE_IDENTIFIER = Pegipegi.Framework.TestUsingXib;
				PRODUCT_NAME = "$(TARGET_NAME)";
				SWIFT_VERSION = 5.0;
				TARGETED_DEVICE_FAMILY = "1,2";
			};
			name = Debug;
		};
		9B5EB07826736BB6001153E4 /* Release */ = {
			isa = XCBuildConfiguration;
			buildSettings = {
				ASSETCATALOG_COMPILER_APPICON_NAME = AppIcon;
				ASSETCATALOG_COMPILER_GLOBAL_ACCENT_COLOR_NAME = AccentColor;
				CODE_SIGN_STYLE = Automatic;
				INFOPLIST_FILE = TestUsingXib/Info.plist;
				LD_RUNPATH_SEARCH_PATHS = (
					"$(inherited)",
					"@executable_path/Frameworks",
				);
				PRODUCT_BUNDLE_IDENTIFIER = Pegipegi.Framework.TestUsingXib;
				PRODUCT_NAME = "$(TARGET_NAME)";
				SWIFT_VERSION = 5.0;
				TARGETED_DEVICE_FAMILY = "1,2";
			};
			name = Release;
		};
/* End XCBuildConfiguration section */

/* Begin XCConfigurationList section */
		9B5EB05D26736BB4001153E4 /* Build configuration list for PBXProject "TestUsingXib" */ = {
			isa = XCConfigurationList;
			buildConfigurations = (
				9B5EB07426736BB6001153E4 /* Debug */,
				9B5EB07526736BB6001153E4 /* Release */,
			);
			defaultConfigurationIsVisible = 0;
			defaultConfigurationName = Release;
		};
		9B5EB07626736BB6001153E4 /* Build configuration list for PBXNativeTarget "TestUsingXib" */ = {
			isa = XCConfigurationList;
			buildConfigurations = (
				9B5EB07726736BB6001153E4 /* Debug */,
				9B5EB07826736BB6001153E4 /* Release */,
			);
			defaultConfigurationIsVisible = 0;
			defaultConfigurationName = Release;
		};
/* End XCConfigurationList section */
	};
	rootObject = 9B5EB05A26736BB4001153E4 /* Project object */;
}
